
Microsoft Visual Studio Solution File, Format Version 12.00
# Visual Studio Version 17
VisualStudioVersion = 17.7.34202.233
MinimumVisualStudioVersion = 10.0.40219.1
Project("{FAE04EC0-301F-11D3-BF4B-00C04F79EFBC}") = "HelloWorld", "HelloWorld\HelloWorld.csproj", "{BE410332-429D-4C55-B1E8-388AA5C7C70B}"
EndProject
Global
	GlobalSection(SolutionConfigurationPlatforms) = preSolution
		Debug|Any CPU = Debug|Any CPU
		Release|Any CPU = Release|Any CPU
	EndGlobalSection
	GlobalSection(ProjectConfigurationPlatforms) = postSolution
		{BE410332-429D-4C55-B1E8-388AA5C7C70B}.Debug|Any CPU.ActiveCfg = Debug|Any CPU
		{BE410332-429D-4C55-B1E8-388AA5C7C70B}.Debug|Any CPU.Build.0 = Debug|Any CPU
		{BE410332-429D-4C55-B1E8-388AA5C7C70B}.Release|Any CPU.ActiveCfg = Release|Any CPU
		{BE410332-429D-4C55-B1E8-388AA5C7C70B}.Release|Any CPU.Build.0 = Release|Any CPU
	EndGlobalSection
	GlobalSection(SolutionProperties) = preSolution
		HideSolutionNode = FALSE
	EndGlobalSection
	GlobalSection(ExtensibilityGlobals) = postSolution
		SolutionGuid = {FFAD6437-8FD0-4ECC-B23E-45B360925B3F}
	EndGlobalSection
EndGlobal
